
Microsoft Visual Studio Solution File, Format Version 12.00
# Visual Studio Version 17
VisualStudioVersion = 17.4.33205.214
MinimumVisualStudioVersion = 10.0.40219.1
Project("{FAE04EC0-301F-11D3-BF4B-00C04F79EFBC}") = "APICoreBank", "APICoreBank\APICoreBank.csproj", "{43AF86FB-EBEF-4DF0-8D4C-16AAC19A76EC}"
EndProject
Global
	GlobalSection(SolutionConfigurationPlatforms) = preSolution
		Debug|Any CPU = Debug|Any CPU
		Release|Any CPU = Release|Any CPU
	EndGlobalSection
	GlobalSection(ProjectConfigurationPlatforms) = postSolution
		{43AF86FB-EBEF-4DF0-8D4C-16AAC19A76EC}.Debug|Any CPU.ActiveCfg = Debug|Any CPU
		{43AF86FB-EBEF-4DF0-8D4C-16AAC19A76EC}.Debug|Any CPU.Build.0 = Debug|Any CPU
		{43AF86FB-EBEF-4DF0-8D4C-16AAC19A76EC}.Release|Any CPU.ActiveCfg = Release|Any CPU
		{43AF86FB-EBEF-4DF0-8D4C-16AAC19A76EC}.Release|Any CPU.Build.0 = Release|Any CPU
	EndGlobalSection
	GlobalSection(SolutionProperties) = preSolution
		HideSolutionNode = FALSE
	EndGlobalSection
	GlobalSection(ExtensibilityGlobals) = postSolution
		SolutionGuid = {FE0A5DDE-E999-4B06-9EBE-75D00094C271}
	EndGlobalSection
EndGlobal
