
Microsoft Visual Studio Solution File, Format Version 12.00
# Visual Studio Version 17
VisualStudioVersion = 17.11.35219.272
MinimumVisualStudioVersion = 10.0.40219.1
Project("{FAE04EC0-301F-11D3-BF4B-00C04F79EFBC}") = "MMOARPG_DLL", "MMOARPG_DLL\MMOARPG_DLL.csproj", "{59A7B8C8-67CE-4059-A110-1F9E03957F3C}"
EndProject
Project("{FAE04EC0-301F-11D3-BF4B-00C04F79EFBC}") = "MMOARPG_BLL", "MMOARPG_BLL\MMOARPG_BLL.csproj", "{48B28168-8902-4552-8766-06EEB6272F8A}"
EndProject
Project("{FAE04EC0-301F-11D3-BF4B-00C04F79EFBC}") = "MMOARPG_UI", "MMOARPG_UI\MMOARPG_UI.csproj", "{C4F132AA-AD85-437C-9EE8-48B9ABA1D769}"
EndProject
Global
	GlobalSection(SolutionConfigurationPlatforms) = preSolution
		Debug|Any CPU = Debug|Any CPU
		Release|Any CPU = Release|Any CPU
	EndGlobalSection
	GlobalSection(ProjectConfigurationPlatforms) = postSolution
		{59A7B8C8-67CE-4059-A110-1F9E03957F3C}.Debug|Any CPU.ActiveCfg = Debug|Any CPU
		{59A7B8C8-67CE-4059-A110-1F9E03957F3C}.Debug|Any CPU.Build.0 = Debug|Any CPU
		{59A7B8C8-67CE-4059-A110-1F9E03957F3C}.Release|Any CPU.ActiveCfg = Release|Any CPU
		{59A7B8C8-67CE-4059-A110-1F9E03957F3C}.Release|Any CPU.Build.0 = Release|Any CPU
		{48B28168-8902-4552-8766-06EEB6272F8A}.Debug|Any CPU.ActiveCfg = Debug|Any CPU
		{48B28168-8902-4552-8766-06EEB6272F8A}.Debug|Any CPU.Build.0 = Debug|Any CPU
		{48B28168-8902-4552-8766-06EEB6272F8A}.Release|Any CPU.ActiveCfg = Release|Any CPU
		{48B28168-8902-4552-8766-06EEB6272F8A}.Release|Any CPU.Build.0 = Release|Any CPU
		{C4F132AA-AD85-437C-9EE8-48B9ABA1D769}.Debug|Any CPU.ActiveCfg = Debug|Any CPU
		{C4F132AA-AD85-437C-9EE8-48B9ABA1D769}.Debug|Any CPU.Build.0 = Debug|Any CPU
		{C4F132AA-AD85-437C-9EE8-48B9ABA1D769}.Release|Any CPU.ActiveCfg = Release|Any CPU
		{C4F132AA-AD85-437C-9EE8-48B9ABA1D769}.Release|Any CPU.Build.0 = Release|Any CPU
	EndGlobalSection
	GlobalSection(SolutionProperties) = preSolution
		HideSolutionNode = FALSE
	EndGlobalSection
	GlobalSection(ExtensibilityGlobals) = postSolution
		SolutionGuid = {3AF8D180-5ABD-4286-8DB1-212F630DED2B}
	EndGlobalSection
EndGlobal
