
Microsoft Visual Studio Solution File, Format Version 12.00
# Visual Studio Version 17
VisualStudioVersion = 17.11.35219.272
MinimumVisualStudioVersion = 10.0.40219.1
Project("{FAE04EC0-301F-11D3-BF4B-00C04F79EFBC}") = "MMOARP_DAL", "MMOARP_DAL\MMOARP_DAL.csproj", "{FBE4EE53-BA1D-4284-91DA-FF27ABADBC49}"
EndProject
Project("{FAE04EC0-301F-11D3-BF4B-00C04F79EFBC}") = "MMOARP_BBL", "MMOARP_BBL\MMOARP_BBL.csproj", "{EB994EE8-76A9-4F3A-9E9D-9EB8D44A39C7}"
EndProject
Project("{FAE04EC0-301F-11D3-BF4B-00C04F79EFBC}") = "MMOARP_UI", "MMOARP_UI\MMOARP_UI.csproj", "{D935F283-6DD7-45E6-95DD-A5BF514A6BD9}"
EndProject
Global
	GlobalSection(SolutionConfigurationPlatforms) = preSolution
		Debug|Any CPU = Debug|Any CPU
		Release|Any CPU = Release|Any CPU
	EndGlobalSection
	GlobalSection(ProjectConfigurationPlatforms) = postSolution
		{FBE4EE53-BA1D-4284-91DA-FF27ABADBC49}.Debug|Any CPU.ActiveCfg = Debug|Any CPU
		{FBE4EE53-BA1D-4284-91DA-FF27ABADBC49}.Debug|Any CPU.Build.0 = Debug|Any CPU
		{FBE4EE53-BA1D-4284-91DA-FF27ABADBC49}.Release|Any CPU.ActiveCfg = Release|Any CPU
		{FBE4EE53-BA1D-4284-91DA-FF27ABADBC49}.Release|Any CPU.Build.0 = Release|Any CPU
		{EB994EE8-76A9-4F3A-9E9D-9EB8D44A39C7}.Debug|Any CPU.ActiveCfg = Debug|Any CPU
		{EB994EE8-76A9-4F3A-9E9D-9EB8D44A39C7}.Debug|Any CPU.Build.0 = Debug|Any CPU
		{EB994EE8-76A9-4F3A-9E9D-9EB8D44A39C7}.Release|Any CPU.ActiveCfg = Release|Any CPU
		{EB994EE8-76A9-4F3A-9E9D-9EB8D44A39C7}.Release|Any CPU.Build.0 = Release|Any CPU
		{D935F283-6DD7-45E6-95DD-A5BF514A6BD9}.Debug|Any CPU.ActiveCfg = Debug|Any CPU
		{D935F283-6DD7-45E6-95DD-A5BF514A6BD9}.Debug|Any CPU.Build.0 = Debug|Any CPU
		{D935F283-6DD7-45E6-95DD-A5BF514A6BD9}.Release|Any CPU.ActiveCfg = Release|Any CPU
		{D935F283-6DD7-45E6-95DD-A5BF514A6BD9}.Release|Any CPU.Build.0 = Release|Any CPU
	EndGlobalSection
	GlobalSection(SolutionProperties) = preSolution
		HideSolutionNode = FALSE
	EndGlobalSection
	GlobalSection(ExtensibilityGlobals) = postSolution
		SolutionGuid = {B00AEB4F-C49B-49AB-AC83-11C28C9A0306}
	EndGlobalSection
EndGlobal
