
Microsoft Visual Studio Solution File, Format Version 12.00
# Visual Studio Version 17
VisualStudioVersion = 17.4.33205.214
MinimumVisualStudioVersion = 10.0.40219.1
Project("{FAE04EC0-301F-11D3-BF4B-00C04F79EFBC}") = "APInetframework_1", "APInetframework_1\APInetframework_1.csproj", "{A1126A7A-3419-4D38-AAB9-B550DAD64031}"
EndProject
Global
	GlobalSection(SolutionConfigurationPlatforms) = preSolution
		Debug|Any CPU = Debug|Any CPU
		Release|Any CPU = Release|Any CPU
	EndGlobalSection
	GlobalSection(ProjectConfigurationPlatforms) = postSolution
		{A1126A7A-3419-4D38-AAB9-B550DAD64031}.Debug|Any CPU.ActiveCfg = Debug|Any CPU
		{A1126A7A-3419-4D38-AAB9-B550DAD64031}.Debug|Any CPU.Build.0 = Debug|Any CPU
		{A1126A7A-3419-4D38-AAB9-B550DAD64031}.Release|Any CPU.ActiveCfg = Release|Any CPU
		{A1126A7A-3419-4D38-AAB9-B550DAD64031}.Release|Any CPU.Build.0 = Release|Any CPU
	EndGlobalSection
	GlobalSection(SolutionProperties) = preSolution
		HideSolutionNode = FALSE
	EndGlobalSection
	GlobalSection(ExtensibilityGlobals) = postSolution
		SolutionGuid = {41581FCC-D79F-4EA4-835B-31B646CBF3E6}
	EndGlobalSection
EndGlobal
