
Microsoft Visual Studio Solution File, Format Version 12.00
# Visual Studio Version 17
VisualStudioVersion = 17.11.35219.272
MinimumVisualStudioVersion = 10.0.40219.1
Project("{FAE04EC0-301F-11D3-BF4B-00C04F79EFBC}") = "CA_HambugerOto", "CA_HambugerOto\CA_HambugerOto.csproj", "{59AD852F-FF68-41F4-88D3-6072D6D897BC}"
EndProject
Global
	GlobalSection(SolutionConfigurationPlatforms) = preSolution
		Debug|Any CPU = Debug|Any CPU
		Release|Any CPU = Release|Any CPU
	EndGlobalSection
	GlobalSection(ProjectConfigurationPlatforms) = postSolution
		{59AD852F-FF68-41F4-88D3-6072D6D897BC}.Debug|Any CPU.ActiveCfg = Debug|Any CPU
		{59AD852F-FF68-41F4-88D3-6072D6D897BC}.Debug|Any CPU.Build.0 = Debug|Any CPU
		{59AD852F-FF68-41F4-88D3-6072D6D897BC}.Release|Any CPU.ActiveCfg = Release|Any CPU
		{59AD852F-FF68-41F4-88D3-6072D6D897BC}.Release|Any CPU.Build.0 = Release|Any CPU
	EndGlobalSection
	GlobalSection(SolutionProperties) = preSolution
		HideSolutionNode = FALSE
	EndGlobalSection
	GlobalSection(ExtensibilityGlobals) = postSolution
		SolutionGuid = {2DC70C00-2D36-4067-8092-A7CB187074E3}
	EndGlobalSection
EndGlobal
