
Microsoft Visual Studio Solution File, Format Version 12.00
# Visual Studio Version 17
VisualStudioVersion = 17.11.35219.272
MinimumVisualStudioVersion = 10.0.40219.1
Project("{FAE04EC0-301F-11D3-BF4B-00C04F79EFBC}") = "Bilgisayar_Dal", "Bilgisayar_Dal\Bilgisayar_Dal.csproj", "{6F33002C-6D61-400D-8607-EBCD4B6E6E0A}"
EndProject
Project("{FAE04EC0-301F-11D3-BF4B-00C04F79EFBC}") = "Bİlgisayar_BLL", "Bİlgisayar_BLL\Bİlgisayar_BLL.csproj", "{8320B77D-3D23-4263-B339-B97FF94719F7}"
EndProject
Project("{FAE04EC0-301F-11D3-BF4B-00C04F79EFBC}") = "Bilgisayar_UI", "Bilgisayar_UI\Bilgisayar_UI.csproj", "{D0BB7C44-DC0A-4F9B-B453-BC27E2D8E849}"
EndProject
Global
	GlobalSection(SolutionConfigurationPlatforms) = preSolution
		Debug|Any CPU = Debug|Any CPU
		Release|Any CPU = Release|Any CPU
	EndGlobalSection
	GlobalSection(ProjectConfigurationPlatforms) = postSolution
		{6F33002C-6D61-400D-8607-EBCD4B6E6E0A}.Debug|Any CPU.ActiveCfg = Debug|Any CPU
		{6F33002C-6D61-400D-8607-EBCD4B6E6E0A}.Debug|Any CPU.Build.0 = Debug|Any CPU
		{6F33002C-6D61-400D-8607-EBCD4B6E6E0A}.Release|Any CPU.ActiveCfg = Release|Any CPU
		{6F33002C-6D61-400D-8607-EBCD4B6E6E0A}.Release|Any CPU.Build.0 = Release|Any CPU
		{8320B77D-3D23-4263-B339-B97FF94719F7}.Debug|Any CPU.ActiveCfg = Debug|Any CPU
		{8320B77D-3D23-4263-B339-B97FF94719F7}.Debug|Any CPU.Build.0 = Debug|Any CPU
		{8320B77D-3D23-4263-B339-B97FF94719F7}.Release|Any CPU.ActiveCfg = Release|Any CPU
		{8320B77D-3D23-4263-B339-B97FF94719F7}.Release|Any CPU.Build.0 = Release|Any CPU
		{D0BB7C44-DC0A-4F9B-B453-BC27E2D8E849}.Debug|Any CPU.ActiveCfg = Debug|Any CPU
		{D0BB7C44-DC0A-4F9B-B453-BC27E2D8E849}.Debug|Any CPU.Build.0 = Debug|Any CPU
		{D0BB7C44-DC0A-4F9B-B453-BC27E2D8E849}.Release|Any CPU.ActiveCfg = Release|Any CPU
		{D0BB7C44-DC0A-4F9B-B453-BC27E2D8E849}.Release|Any CPU.Build.0 = Release|Any CPU
	EndGlobalSection
	GlobalSection(SolutionProperties) = preSolution
		HideSolutionNode = FALSE
	EndGlobalSection
	GlobalSection(ExtensibilityGlobals) = postSolution
		SolutionGuid = {5D6EA371-4905-4915-A810-192403F0067B}
	EndGlobalSection
EndGlobal
