
Microsoft Visual Studio Solution File, Format Version 12.00
# Visual Studio Version 17
VisualStudioVersion = 17.10.35122.118
MinimumVisualStudioVersion = 10.0.40219.1
Project("{FAE04EC0-301F-11D3-BF4B-00C04F79EFBC}") = "CA_BakiyeIslemi", "CA_BakiyeIslemi\CA_BakiyeIslemi.csproj", "{16B56E37-D00E-4EE4-8A99-75F32D23FC71}"
EndProject
Global
	GlobalSection(SolutionConfigurationPlatforms) = preSolution
		Debug|Any CPU = Debug|Any CPU
		Release|Any CPU = Release|Any CPU
	EndGlobalSection
	GlobalSection(ProjectConfigurationPlatforms) = postSolution
		{16B56E37-D00E-4EE4-8A99-75F32D23FC71}.Debug|Any CPU.ActiveCfg = Debug|Any CPU
		{16B56E37-D00E-4EE4-8A99-75F32D23FC71}.Debug|Any CPU.Build.0 = Debug|Any CPU
		{16B56E37-D00E-4EE4-8A99-75F32D23FC71}.Release|Any CPU.ActiveCfg = Release|Any CPU
		{16B56E37-D00E-4EE4-8A99-75F32D23FC71}.Release|Any CPU.Build.0 = Release|Any CPU
	EndGlobalSection
	GlobalSection(SolutionProperties) = preSolution
		HideSolutionNode = FALSE
	EndGlobalSection
	GlobalSection(ExtensibilityGlobals) = postSolution
		SolutionGuid = {4B8E5D56-D4E0-4EE3-8A5F-A9C26766AEC6}
	EndGlobalSection
EndGlobal
