
Microsoft Visual Studio Solution File, Format Version 12.00
# Visual Studio Version 17
VisualStudioVersion = 17.11.35219.272
MinimumVisualStudioVersion = 10.0.40219.1
Project("{FAE04EC0-301F-11D3-BF4B-00C04F79EFBC}") = "CA_Dr_Secim", "CA_Dr_Secim\CA_Dr_Secim.csproj", "{819B6F8E-A35F-40FC-8B78-EF80F88B696A}"
EndProject
Global
	GlobalSection(SolutionConfigurationPlatforms) = preSolution
		Debug|Any CPU = Debug|Any CPU
		Release|Any CPU = Release|Any CPU
	EndGlobalSection
	GlobalSection(ProjectConfigurationPlatforms) = postSolution
		{819B6F8E-A35F-40FC-8B78-EF80F88B696A}.Debug|Any CPU.ActiveCfg = Debug|Any CPU
		{819B6F8E-A35F-40FC-8B78-EF80F88B696A}.Debug|Any CPU.Build.0 = Debug|Any CPU
		{819B6F8E-A35F-40FC-8B78-EF80F88B696A}.Release|Any CPU.ActiveCfg = Release|Any CPU
		{819B6F8E-A35F-40FC-8B78-EF80F88B696A}.Release|Any CPU.Build.0 = Release|Any CPU
	EndGlobalSection
	GlobalSection(SolutionProperties) = preSolution
		HideSolutionNode = FALSE
	EndGlobalSection
	GlobalSection(ExtensibilityGlobals) = postSolution
		SolutionGuid = {AB8D72CC-188C-485D-8157-07D3AC74105B}
	EndGlobalSection
EndGlobal
