
Microsoft Visual Studio Solution File, Format Version 12.00
# Visual Studio Version 17
VisualStudioVersion = 17.4.33205.214
MinimumVisualStudioVersion = 10.0.40219.1
Project("{FAE04EC0-301F-11D3-BF4B-00C04F79EFBC}") = "ASpNetCoreMVC_Identity", "ASpNetCoreMVC_Identity\ASpNetCoreMVC_Identity.csproj", "{B9D80280-6C4D-41FE-BC05-66BA712A0C76}"
EndProject
Project("{FAE04EC0-301F-11D3-BF4B-00C04F79EFBC}") = "ASpNetCoreMVC_BasicIdentity", "ASpNetCoreMVC_BasicIdentity\ASpNetCoreMVC_BasicIdentity.csproj", "{5282FD29-1D60-496E-B3D0-2D3AC443F46C}"
EndProject
Global
	GlobalSection(SolutionConfigurationPlatforms) = preSolution
		Debug|Any CPU = Debug|Any CPU
		Release|Any CPU = Release|Any CPU
	EndGlobalSection
	GlobalSection(ProjectConfigurationPlatforms) = postSolution
		{B9D80280-6C4D-41FE-BC05-66BA712A0C76}.Debug|Any CPU.ActiveCfg = Debug|Any CPU
		{B9D80280-6C4D-41FE-BC05-66BA712A0C76}.Debug|Any CPU.Build.0 = Debug|Any CPU
		{B9D80280-6C4D-41FE-BC05-66BA712A0C76}.Release|Any CPU.ActiveCfg = Release|Any CPU
		{B9D80280-6C4D-41FE-BC05-66BA712A0C76}.Release|Any CPU.Build.0 = Release|Any CPU
		{5282FD29-1D60-496E-B3D0-2D3AC443F46C}.Debug|Any CPU.ActiveCfg = Debug|Any CPU
		{5282FD29-1D60-496E-B3D0-2D3AC443F46C}.Debug|Any CPU.Build.0 = Debug|Any CPU
		{5282FD29-1D60-496E-B3D0-2D3AC443F46C}.Release|Any CPU.ActiveCfg = Release|Any CPU
		{5282FD29-1D60-496E-B3D0-2D3AC443F46C}.Release|Any CPU.Build.0 = Release|Any CPU
	EndGlobalSection
	GlobalSection(SolutionProperties) = preSolution
		HideSolutionNode = FALSE
	EndGlobalSection
	GlobalSection(ExtensibilityGlobals) = postSolution
		SolutionGuid = {6CD218E7-28F9-4122-BB39-3751A8AA1E36}
	EndGlobalSection
EndGlobal
